// !$*UTF8*$!
{
	archiveVersion = 1;
	classes = {
	};
	objectVersion = 51;
	objects = {

/* Begin PBXBuildFile section */
		1825BAE025502BC700C3CDFA /* LoginViewController.swift in Sources */ = {isa = PBXBuildFile; fileRef = 1825BADF25502BC700C3CDFA /* LoginViewController.swift */; };
		1825BAE82551B1C700C3CDFA /* UserAuthoritation.swift in Sources */ = {isa = PBXBuildFile; fileRef = 1825BAE72551B1C700C3CDFA /* UserAuthoritation.swift */; };
		1825BAEA2551B1DB00C3CDFA /* UserAuthorizationManager.swift in Sources */ = {isa = PBXBuildFile; fileRef = 1825BAE92551B1DB00C3CDFA /* UserAuthorizationManager.swift */; };
		1825BAEC2551B56200C3CDFA /* User.swift in Sources */ = {isa = PBXBuildFile; fileRef = 1825BAEB2551B56200C3CDFA /* User.swift */; };
		1825BAEE2551BFFC00C3CDFA /* LoginViewController+Animation.swift in Sources */ = {isa = PBXBuildFile; fileRef = 1825BAED2551BFFC00C3CDFA /* LoginViewController+Animation.swift */; };
		1825BAF12551D1EA00C3CDFA /* ProfileViewController.swift in Sources */ = {isa = PBXBuildFile; fileRef = 1825BAF02551D1EA00C3CDFA /* ProfileViewController.swift */; };
		1825BAF32551D23500C3CDFA /* ProfileViewModel.swift in Sources */ = {isa = PBXBuildFile; fileRef = 1825BAF22551D23500C3CDFA /* ProfileViewModel.swift */; };
		1825BAF52551D83B00C3CDFA /* GoogleService-Info.plist in Resources */ = {isa = PBXBuildFile; fileRef = 1825BAF42551D83B00C3CDFA /* GoogleService-Info.plist */; };
		182C9A1325596E360074C9E9 /* DetailProductViewController.swift in Sources */ = {isa = PBXBuildFile; fileRef = 182C9A1225596E360074C9E9 /* DetailProductViewController.swift */; };
		182C9A1525598DD50074C9E9 /* DetailProductViewModel.swift in Sources */ = {isa = PBXBuildFile; fileRef = 182C9A1425598DD50074C9E9 /* DetailProductViewModel.swift */; };
		182C9A182559BC250074C9E9 /* ProductDataCell.swift in Sources */ = {isa = PBXBuildFile; fileRef = 182C9A172559BC250074C9E9 /* ProductDataCell.swift */; };
		182C9A1A2559BC4B0074C9E9 /* ProductMapCell.swift in Sources */ = {isa = PBXBuildFile; fileRef = 182C9A192559BC4B0074C9E9 /* ProductMapCell.swift */; };
		182C9A1C2559BC6B0074C9E9 /* ProductSellerCell.swift in Sources */ = {isa = PBXBuildFile; fileRef = 182C9A1B2559BC6B0074C9E9 /* ProductSellerCell.swift */; };
		182C9A1E2559BCB20074C9E9 /* ProductSocialNetworksCell.swift in Sources */ = {isa = PBXBuildFile; fileRef = 182C9A1D2559BCB20074C9E9 /* ProductSocialNetworksCell.swift */; };
		1851CE5C255805C300435F78 /* MainViewController+SearchBar.swift in Sources */ = {isa = PBXBuildFile; fileRef = 1851CE5B255805C300435F78 /* MainViewController+SearchBar.swift */; };
		1851CE5F2558945C00435F78 /* ProductCell.swift in Sources */ = {isa = PBXBuildFile; fileRef = 1851CE5E2558945C00435F78 /* ProductCell.swift */; };
		1851CE612558947100435F78 /* ProductCellViewModel.swift in Sources */ = {isa = PBXBuildFile; fileRef = 1851CE602558947100435F78 /* ProductCellViewModel.swift */; };
		185B33372555ADDF00778CE4 /* ProductFirestoreManager.swift in Sources */ = {isa = PBXBuildFile; fileRef = 185B33362555ADDF00778CE4 /* ProductFirestoreManager.swift */; };
		185B33392555ADF200778CE4 /* ProductFirestore.swift in Sources */ = {isa = PBXBuildFile; fileRef = 185B33382555ADF200778CE4 /* ProductFirestore.swift */; };
		185B333D2555B71400778CE4 /* StorageFirebaseManager.swift in Sources */ = {isa = PBXBuildFile; fileRef = 185B333C2555B71400778CE4 /* StorageFirebaseManager.swift */; };
		185B333F2555B72000778CE4 /* StorageFirebase.swift in Sources */ = {isa = PBXBuildFile; fileRef = 185B333E2555B72000778CE4 /* StorageFirebase.swift */; };
		185B33452556ED5E00778CE4 /* TestLocations.gpx in Resources */ = {isa = PBXBuildFile; fileRef = 185B33442556ED5E00778CE4 /* TestLocations.gpx */; };
		1898179A2552C5970088BFB2 /* UserFirestore.swift in Sources */ = {isa = PBXBuildFile; fileRef = 189817992552C5970088BFB2 /* UserFirestore.swift */; };
		1898179C2552C64B0088BFB2 /* UserFirestoreManager.swift in Sources */ = {isa = PBXBuildFile; fileRef = 1898179B2552C64B0088BFB2 /* UserFirestoreManager.swift */; };
		1898179E2552CD1E0088BFB2 /* LoginViewModel.swift in Sources */ = {isa = PBXBuildFile; fileRef = 1898179D2552CD1E0088BFB2 /* LoginViewModel.swift */; };
		189817A12552F97E0088BFB2 /* UserLocation.swift in Sources */ = {isa = PBXBuildFile; fileRef = 189817A02552F97E0088BFB2 /* UserLocation.swift */; };
		189817A325531BE80088BFB2 /* Managers.swift in Sources */ = {isa = PBXBuildFile; fileRef = 189817A225531BE80088BFB2 /* Managers.swift */; };
		18A513EC2561AF9300387355 /* LoginViewController+Constraints.swift in Sources */ = {isa = PBXBuildFile; fileRef = 18A513EB2561AF9300387355 /* LoginViewController+Constraints.swift */; };
		18A513EE2561AFDB00387355 /* MainViewController+Constraints.swift in Sources */ = {isa = PBXBuildFile; fileRef = 18A513ED2561AFDB00387355 /* MainViewController+Constraints.swift */; };
		18A513F02561B21D00387355 /* FiltersViewController+Constraints.swift in Sources */ = {isa = PBXBuildFile; fileRef = 18A513EF2561B21D00387355 /* FiltersViewController+Constraints.swift */; };
		18A513F22561B27F00387355 /* NewProductViewController+Constraints.swift in Sources */ = {isa = PBXBuildFile; fileRef = 18A513F12561B27F00387355 /* NewProductViewController+Constraints.swift */; };
		18A513F42561B32B00387355 /* DetailProductViewController+Constraints.swift in Sources */ = {isa = PBXBuildFile; fileRef = 18A513F32561B32B00387355 /* DetailProductViewController+Constraints.swift */; };
		18A513F62561B3BE00387355 /* ProfileViewController+Constraints.swift in Sources */ = {isa = PBXBuildFile; fileRef = 18A513F52561B3BE00387355 /* ProfileViewController+Constraints.swift */; };
		18B215FB254C75C6008027D1 /* AppDelegate.swift in Sources */ = {isa = PBXBuildFile; fileRef = 18B215FA254C75C6008027D1 /* AppDelegate.swift */; };
		18B215FD254C75C6008027D1 /* SceneDelegate.swift in Sources */ = {isa = PBXBuildFile; fileRef = 18B215FC254C75C6008027D1 /* SceneDelegate.swift */; };
		18B215FF254C75C6008027D1 /* MainViewController.swift in Sources */ = {isa = PBXBuildFile; fileRef = 18B215FE254C75C6008027D1 /* MainViewController.swift */; };
		18B21604254C75C7008027D1 /* Assets.xcassets in Resources */ = {isa = PBXBuildFile; fileRef = 18B21603254C75C7008027D1 /* Assets.xcassets */; };
		18B21607254C75C7008027D1 /* LaunchScreen.storyboard in Resources */ = {isa = PBXBuildFile; fileRef = 18B21605254C75C7008027D1 /* LaunchScreen.storyboard */; };
		18B21612254C75C7008027D1 /* WallapobreTests.swift in Sources */ = {isa = PBXBuildFile; fileRef = 18B21611254C75C7008027D1 /* WallapobreTests.swift */; };
		18B2161F254C7615008027D1 /* PinterestLayout.swift in Sources */ = {isa = PBXBuildFile; fileRef = 18B2161E254C7615008027D1 /* PinterestLayout.swift */; };
		18B21624254C7658008027D1 /* MainViewModel.swift in Sources */ = {isa = PBXBuildFile; fileRef = 18B21623254C7658008027D1 /* MainViewModel.swift */; };
		18B5055C2562D9140034D28B /* NavigationManager.swift in Sources */ = {isa = PBXBuildFile; fileRef = 18B5055B2562D9140034D28B /* NavigationManager.swift */; };
		18B63DF7255C08F300831053 /* Discussion.swift in Sources */ = {isa = PBXBuildFile; fileRef = 18B63DF6255C08F300831053 /* Discussion.swift */; };
		18B63DF9255C09ED00831053 /* Message.swift in Sources */ = {isa = PBXBuildFile; fileRef = 18B63DF8255C09ED00831053 /* Message.swift */; };
		18B63DFC255C0DA900831053 /* ChatViewController.swift in Sources */ = {isa = PBXBuildFile; fileRef = 18B63DFB255C0DA900831053 /* ChatViewController.swift */; };
		18B63DFF255C233D00831053 /* DiscussionFirestore.swift in Sources */ = {isa = PBXBuildFile; fileRef = 18B63DFE255C233D00831053 /* DiscussionFirestore.swift */; };
		18B63E01255C234A00831053 /* DiscussionFirestoreManager.swift in Sources */ = {isa = PBXBuildFile; fileRef = 18B63E00255C234A00831053 /* DiscussionFirestoreManager.swift */; };
		18B63E04255C2AD900831053 /* MessageFirestore.swift in Sources */ = {isa = PBXBuildFile; fileRef = 18B63E03255C2AD900831053 /* MessageFirestore.swift */; };
		18B63E06255C2AE300831053 /* MessageFirestoreManager.swift in Sources */ = {isa = PBXBuildFile; fileRef = 18B63E05255C2AE300831053 /* MessageFirestoreManager.swift */; };
		18B63E08255C3F2A00831053 /* ChatViewModel.swift in Sources */ = {isa = PBXBuildFile; fileRef = 18B63E07255C3F2A00831053 /* ChatViewModel.swift */; };
		18BFA3EE25640F8E00CA1B24 /* ProfileViewController+Source.swift in Sources */ = {isa = PBXBuildFile; fileRef = 18BFA3ED25640F8E00CA1B24 /* ProfileViewController+Source.swift */; };
		18C2F7D0254CA19100D74E74 /* FiltersViewController.swift in Sources */ = {isa = PBXBuildFile; fileRef = 18C2F7CF254CA19100D74E74 /* FiltersViewController.swift */; };
		18C2F7D2254CA6E000D74E74 /* UIFontAdditions.swift in Sources */ = {isa = PBXBuildFile; fileRef = 18C2F7D1254CA6E000D74E74 /* UIFontAdditions.swift */; };
		18C2F7D4254D732C00D74E74 /* FiltersViewModel.swift in Sources */ = {isa = PBXBuildFile; fileRef = 18C2F7D3254D732C00D74E74 /* FiltersViewModel.swift */; };
		18C2F7D7254D936F00D74E74 /* NewProductViewController.swift in Sources */ = {isa = PBXBuildFile; fileRef = 18C2F7D6254D936F00D74E74 /* NewProductViewController.swift */; };
		18C2F7D9254D938200D74E74 /* NewProductViewModel.swift in Sources */ = {isa = PBXBuildFile; fileRef = 18C2F7D8254D938200D74E74 /* NewProductViewModel.swift */; };
		18C2F7DC254D9B0E00D74E74 /* Product.swift in Sources */ = {isa = PBXBuildFile; fileRef = 18C2F7DB254D9B0E00D74E74 /* Product.swift */; };
		18C2F7E2254EFE0400D74E74 /* Extensions.swift in Sources */ = {isa = PBXBuildFile; fileRef = 18C2F7E1254EFE0400D74E74 /* Extensions.swift */; };
		18C2F7E4254F5E0900D74E74 /* NewProductViewController+Input.swift in Sources */ = {isa = PBXBuildFile; fileRef = 18C2F7E3254F5E0900D74E74 /* NewProductViewController+Input.swift */; };
		18E26C3A255FF52400A64CD9 /* SearchFirestore.swift in Sources */ = {isa = PBXBuildFile; fileRef = 18E26C39255FF52400A64CD9 /* SearchFirestore.swift */; };
		18E26C3C255FF52F00A64CD9 /* SearchFirestoreManager.swift in Sources */ = {isa = PBXBuildFile; fileRef = 18E26C3B255FF52F00A64CD9 /* SearchFirestoreManager.swift */; };
		18E26C3E255FF82400A64CD9 /* Search.swift in Sources */ = {isa = PBXBuildFile; fileRef = 18E26C3D255FF82400A64CD9 /* Search.swift */; };
		18E26C4025604B1B00A64CD9 /* UIStringAdditions.swift in Sources */ = {isa = PBXBuildFile; fileRef = 18E26C3F25604B1B00A64CD9 /* UIStringAdditions.swift */; };
		18E26C4225604B6B00A64CD9 /* UIColorAdditions.swift in Sources */ = {isa = PBXBuildFile; fileRef = 18E26C4125604B6B00A64CD9 /* UIColorAdditions.swift */; };
		18FE78CA255AC12E00BA0A64 /* DetailProductViewController+Source.swift in Sources */ = {isa = PBXBuildFile; fileRef = 18FE78C9255AC12E00BA0A64 /* DetailProductViewController+Source.swift */; };
		18FE78CC255ADB8F00BA0A64 /* ProductImagesCell.swift in Sources */ = {isa = PBXBuildFile; fileRef = 18FE78CB255ADB8F00BA0A64 /* ProductImagesCell.swift */; };
		E33C6DF8F83D266FED073840 /* Pods_Wallapobre.framework in Frameworks */ = {isa = PBXBuildFile; fileRef = A5865EC59FCBAD982E90D4B8 /* Pods_Wallapobre.framework */; };
/* End PBXBuildFile section */

/* Begin PBXContainerItemProxy section */
		18B2160E254C75C7008027D1 /* PBXContainerItemProxy */ = {
			isa = PBXContainerItemProxy;
			containerPortal = 18B215EF254C75C6008027D1 /* Project object */;
			proxyType = 1;
			remoteGlobalIDString = 18B215F6254C75C6008027D1;
			remoteInfo = Wallapobre;
		};
/* End PBXContainerItemProxy section */

/* Begin PBXFileReference section */
		1825BADF25502BC700C3CDFA /* LoginViewController.swift */ = {isa = PBXFileReference; lastKnownFileType = sourcecode.swift; path = LoginViewController.swift; sourceTree = "<group>"; };
		1825BAE72551B1C700C3CDFA /* UserAuthoritation.swift */ = {isa = PBXFileReference; lastKnownFileType = sourcecode.swift; path = UserAuthoritation.swift; sourceTree = "<group>"; };
		1825BAE92551B1DB00C3CDFA /* UserAuthorizationManager.swift */ = {isa = PBXFileReference; lastKnownFileType = sourcecode.swift; path = UserAuthorizationManager.swift; sourceTree = "<group>"; };
		1825BAEB2551B56200C3CDFA /* User.swift */ = {isa = PBXFileReference; lastKnownFileType = sourcecode.swift; path = User.swift; sourceTree = "<group>"; };
		1825BAED2551BFFC00C3CDFA /* LoginViewController+Animation.swift */ = {isa = PBXFileReference; lastKnownFileType = sourcecode.swift; path = "LoginViewController+Animation.swift"; sourceTree = "<group>"; };
		1825BAF02551D1EA00C3CDFA /* ProfileViewController.swift */ = {isa = PBXFileReference; lastKnownFileType = sourcecode.swift; path = ProfileViewController.swift; sourceTree = "<group>"; };
		1825BAF22551D23500C3CDFA /* ProfileViewModel.swift */ = {isa = PBXFileReference; lastKnownFileType = sourcecode.swift; path = ProfileViewModel.swift; sourceTree = "<group>"; };
		1825BAF42551D83B00C3CDFA /* GoogleService-Info.plist */ = {isa = PBXFileReference; fileEncoding = 4; lastKnownFileType = text.plist.xml; path = "GoogleService-Info.plist"; sourceTree = "<group>"; };
		182C9A1225596E360074C9E9 /* DetailProductViewController.swift */ = {isa = PBXFileReference; lastKnownFileType = sourcecode.swift; path = DetailProductViewController.swift; sourceTree = "<group>"; };
		182C9A1425598DD50074C9E9 /* DetailProductViewModel.swift */ = {isa = PBXFileReference; lastKnownFileType = sourcecode.swift; path = DetailProductViewModel.swift; sourceTree = "<group>"; };
		182C9A172559BC250074C9E9 /* ProductDataCell.swift */ = {isa = PBXFileReference; lastKnownFileType = sourcecode.swift; path = ProductDataCell.swift; sourceTree = "<group>"; };
		182C9A192559BC4B0074C9E9 /* ProductMapCell.swift */ = {isa = PBXFileReference; lastKnownFileType = sourcecode.swift; path = ProductMapCell.swift; sourceTree = "<group>"; };
		182C9A1B2559BC6B0074C9E9 /* ProductSellerCell.swift */ = {isa = PBXFileReference; lastKnownFileType = sourcecode.swift; path = ProductSellerCell.swift; sourceTree = "<group>"; };
		182C9A1D2559BCB20074C9E9 /* ProductSocialNetworksCell.swift */ = {isa = PBXFileReference; lastKnownFileType = sourcecode.swift; path = ProductSocialNetworksCell.swift; sourceTree = "<group>"; };
		1851CE5B255805C300435F78 /* MainViewController+SearchBar.swift */ = {isa = PBXFileReference; lastKnownFileType = sourcecode.swift; path = "MainViewController+SearchBar.swift"; sourceTree = "<group>"; };
		1851CE5E2558945C00435F78 /* ProductCell.swift */ = {isa = PBXFileReference; lastKnownFileType = sourcecode.swift; path = ProductCell.swift; sourceTree = "<group>"; };
		1851CE602558947100435F78 /* ProductCellViewModel.swift */ = {isa = PBXFileReference; lastKnownFileType = sourcecode.swift; path = ProductCellViewModel.swift; sourceTree = "<group>"; };
		185B33362555ADDF00778CE4 /* ProductFirestoreManager.swift */ = {isa = PBXFileReference; lastKnownFileType = sourcecode.swift; path = ProductFirestoreManager.swift; sourceTree = "<group>"; };
		185B33382555ADF200778CE4 /* ProductFirestore.swift */ = {isa = PBXFileReference; lastKnownFileType = sourcecode.swift; path = ProductFirestore.swift; sourceTree = "<group>"; };
		185B333C2555B71400778CE4 /* StorageFirebaseManager.swift */ = {isa = PBXFileReference; lastKnownFileType = sourcecode.swift; path = StorageFirebaseManager.swift; sourceTree = "<group>"; };
		185B333E2555B72000778CE4 /* StorageFirebase.swift */ = {isa = PBXFileReference; lastKnownFileType = sourcecode.swift; path = StorageFirebase.swift; sourceTree = "<group>"; };
		185B33442556ED5E00778CE4 /* TestLocations.gpx */ = {isa = PBXFileReference; fileEncoding = 4; lastKnownFileType = text.xml; path = TestLocations.gpx; sourceTree = "<group>"; };
		189817992552C5970088BFB2 /* UserFirestore.swift */ = {isa = PBXFileReference; lastKnownFileType = sourcecode.swift; path = UserFirestore.swift; sourceTree = "<group>"; };
		1898179B2552C64B0088BFB2 /* UserFirestoreManager.swift */ = {isa = PBXFileReference; lastKnownFileType = sourcecode.swift; path = UserFirestoreManager.swift; sourceTree = "<group>"; };
		1898179D2552CD1E0088BFB2 /* LoginViewModel.swift */ = {isa = PBXFileReference; lastKnownFileType = sourcecode.swift; path = LoginViewModel.swift; sourceTree = "<group>"; };
		189817A02552F97E0088BFB2 /* UserLocation.swift */ = {isa = PBXFileReference; lastKnownFileType = sourcecode.swift; path = UserLocation.swift; sourceTree = "<group>"; };
		189817A225531BE80088BFB2 /* Managers.swift */ = {isa = PBXFileReference; lastKnownFileType = sourcecode.swift; path = Managers.swift; sourceTree = "<group>"; };
		18A513EB2561AF9300387355 /* LoginViewController+Constraints.swift */ = {isa = PBXFileReference; lastKnownFileType = sourcecode.swift; path = "LoginViewController+Constraints.swift"; sourceTree = "<group>"; };
		18A513ED2561AFDB00387355 /* MainViewController+Constraints.swift */ = {isa = PBXFileReference; lastKnownFileType = sourcecode.swift; path = "MainViewController+Constraints.swift"; sourceTree = "<group>"; };
		18A513EF2561B21D00387355 /* FiltersViewController+Constraints.swift */ = {isa = PBXFileReference; lastKnownFileType = sourcecode.swift; path = "FiltersViewController+Constraints.swift"; sourceTree = "<group>"; };
		18A513F12561B27F00387355 /* NewProductViewController+Constraints.swift */ = {isa = PBXFileReference; lastKnownFileType = sourcecode.swift; path = "NewProductViewController+Constraints.swift"; sourceTree = "<group>"; };
		18A513F32561B32B00387355 /* DetailProductViewController+Constraints.swift */ = {isa = PBXFileReference; lastKnownFileType = sourcecode.swift; path = "DetailProductViewController+Constraints.swift"; sourceTree = "<group>"; };
		18A513F52561B3BE00387355 /* ProfileViewController+Constraints.swift */ = {isa = PBXFileReference; lastKnownFileType = sourcecode.swift; path = "ProfileViewController+Constraints.swift"; sourceTree = "<group>"; };
		18B215F7254C75C6008027D1 /* Wallapobre.app */ = {isa = PBXFileReference; explicitFileType = wrapper.application; includeInIndex = 0; path = Wallapobre.app; sourceTree = BUILT_PRODUCTS_DIR; };
		18B215FA254C75C6008027D1 /* AppDelegate.swift */ = {isa = PBXFileReference; lastKnownFileType = sourcecode.swift; path = AppDelegate.swift; sourceTree = "<group>"; };
		18B215FC254C75C6008027D1 /* SceneDelegate.swift */ = {isa = PBXFileReference; lastKnownFileType = sourcecode.swift; path = SceneDelegate.swift; sourceTree = "<group>"; };
		18B215FE254C75C6008027D1 /* MainViewController.swift */ = {isa = PBXFileReference; lastKnownFileType = sourcecode.swift; path = MainViewController.swift; sourceTree = "<group>"; };
		18B21603254C75C7008027D1 /* Assets.xcassets */ = {isa = PBXFileReference; lastKnownFileType = folder.assetcatalog; path = Assets.xcassets; sourceTree = "<group>"; };
		18B21606254C75C7008027D1 /* Base */ = {isa = PBXFileReference; lastKnownFileType = file.storyboard; name = Base; path = Base.lproj/LaunchScreen.storyboard; sourceTree = "<group>"; };
		18B21608254C75C7008027D1 /* Info.plist */ = {isa = PBXFileReference; lastKnownFileType = text.plist.xml; path = Info.plist; sourceTree = "<group>"; };
		18B2160D254C75C7008027D1 /* WallapobreTests.xctest */ = {isa = PBXFileReference; explicitFileType = wrapper.cfbundle; includeInIndex = 0; path = WallapobreTests.xctest; sourceTree = BUILT_PRODUCTS_DIR; };
		18B21611254C75C7008027D1 /* WallapobreTests.swift */ = {isa = PBXFileReference; lastKnownFileType = sourcecode.swift; path = WallapobreTests.swift; sourceTree = "<group>"; };
		18B21613254C75C7008027D1 /* Info.plist */ = {isa = PBXFileReference; lastKnownFileType = text.plist.xml; path = Info.plist; sourceTree = "<group>"; };
		18B2161E254C7615008027D1 /* PinterestLayout.swift */ = {isa = PBXFileReference; fileEncoding = 4; lastKnownFileType = sourcecode.swift; path = PinterestLayout.swift; sourceTree = "<group>"; };
		18B21623254C7658008027D1 /* MainViewModel.swift */ = {isa = PBXFileReference; lastKnownFileType = sourcecode.swift; path = MainViewModel.swift; sourceTree = "<group>"; };
		18B5055B2562D9140034D28B /* NavigationManager.swift */ = {isa = PBXFileReference; lastKnownFileType = sourcecode.swift; path = NavigationManager.swift; sourceTree = "<group>"; };
		18B63DF6255C08F300831053 /* Discussion.swift */ = {isa = PBXFileReference; lastKnownFileType = sourcecode.swift; path = Discussion.swift; sourceTree = "<group>"; };
		18B63DF8255C09ED00831053 /* Message.swift */ = {isa = PBXFileReference; lastKnownFileType = sourcecode.swift; path = Message.swift; sourceTree = "<group>"; };
		18B63DFB255C0DA900831053 /* ChatViewController.swift */ = {isa = PBXFileReference; lastKnownFileType = sourcecode.swift; path = ChatViewController.swift; sourceTree = "<group>"; };
		18B63DFE255C233D00831053 /* DiscussionFirestore.swift */ = {isa = PBXFileReference; lastKnownFileType = sourcecode.swift; path = DiscussionFirestore.swift; sourceTree = "<group>"; };
		18B63E00255C234A00831053 /* DiscussionFirestoreManager.swift */ = {isa = PBXFileReference; lastKnownFileType = sourcecode.swift; path = DiscussionFirestoreManager.swift; sourceTree = "<group>"; };
		18B63E03255C2AD900831053 /* MessageFirestore.swift */ = {isa = PBXFileReference; lastKnownFileType = sourcecode.swift; path = MessageFirestore.swift; sourceTree = "<group>"; };
		18B63E05255C2AE300831053 /* MessageFirestoreManager.swift */ = {isa = PBXFileReference; lastKnownFileType = sourcecode.swift; path = MessageFirestoreManager.swift; sourceTree = "<group>"; };
		18B63E07255C3F2A00831053 /* ChatViewModel.swift */ = {isa = PBXFileReference; lastKnownFileType = sourcecode.swift; path = ChatViewModel.swift; sourceTree = "<group>"; };
		18BFA3ED25640F8E00CA1B24 /* ProfileViewController+Source.swift */ = {isa = PBXFileReference; lastKnownFileType = sourcecode.swift; path = "ProfileViewController+Source.swift"; sourceTree = "<group>"; };
		18C2F7CF254CA19100D74E74 /* FiltersViewController.swift */ = {isa = PBXFileReference; lastKnownFileType = sourcecode.swift; path = FiltersViewController.swift; sourceTree = "<group>"; };
		18C2F7D1254CA6E000D74E74 /* UIFontAdditions.swift */ = {isa = PBXFileReference; lastKnownFileType = sourcecode.swift; path = UIFontAdditions.swift; sourceTree = "<group>"; };
		18C2F7D3254D732C00D74E74 /* FiltersViewModel.swift */ = {isa = PBXFileReference; lastKnownFileType = sourcecode.swift; path = FiltersViewModel.swift; sourceTree = "<group>"; };
		18C2F7D6254D936F00D74E74 /* NewProductViewController.swift */ = {isa = PBXFileReference; lastKnownFileType = sourcecode.swift; path = NewProductViewController.swift; sourceTree = "<group>"; };
		18C2F7D8254D938200D74E74 /* NewProductViewModel.swift */ = {isa = PBXFileReference; lastKnownFileType = sourcecode.swift; path = NewProductViewModel.swift; sourceTree = "<group>"; };
		18C2F7DB254D9B0E00D74E74 /* Product.swift */ = {isa = PBXFileReference; lastKnownFileType = sourcecode.swift; path = Product.swift; sourceTree = "<group>"; };
		18C2F7E1254EFE0400D74E74 /* Extensions.swift */ = {isa = PBXFileReference; lastKnownFileType = sourcecode.swift; path = Extensions.swift; sourceTree = "<group>"; };
		18C2F7E3254F5E0900D74E74 /* NewProductViewController+Input.swift */ = {isa = PBXFileReference; lastKnownFileType = sourcecode.swift; path = "NewProductViewController+Input.swift"; sourceTree = "<group>"; };
		18E26C39255FF52400A64CD9 /* SearchFirestore.swift */ = {isa = PBXFileReference; lastKnownFileType = sourcecode.swift; path = SearchFirestore.swift; sourceTree = "<group>"; };
		18E26C3B255FF52F00A64CD9 /* SearchFirestoreManager.swift */ = {isa = PBXFileReference; lastKnownFileType = sourcecode.swift; path = SearchFirestoreManager.swift; sourceTree = "<group>"; };
		18E26C3D255FF82400A64CD9 /* Search.swift */ = {isa = PBXFileReference; lastKnownFileType = sourcecode.swift; path = Search.swift; sourceTree = "<group>"; };
		18E26C3F25604B1B00A64CD9 /* UIStringAdditions.swift */ = {isa = PBXFileReference; lastKnownFileType = sourcecode.swift; path = UIStringAdditions.swift; sourceTree = "<group>"; };
		18E26C4125604B6B00A64CD9 /* UIColorAdditions.swift */ = {isa = PBXFileReference; lastKnownFileType = sourcecode.swift; path = UIColorAdditions.swift; sourceTree = "<group>"; };
		18FE78C9255AC12E00BA0A64 /* DetailProductViewController+Source.swift */ = {isa = PBXFileReference; lastKnownFileType = sourcecode.swift; path = "DetailProductViewController+Source.swift"; sourceTree = "<group>"; };
		18FE78CB255ADB8F00BA0A64 /* ProductImagesCell.swift */ = {isa = PBXFileReference; lastKnownFileType = sourcecode.swift; path = ProductImagesCell.swift; sourceTree = "<group>"; };
		A1BBCCC49968A907DAEA6061 /* Pods-Wallapobre.debug.xcconfig */ = {isa = PBXFileReference; includeInIndex = 1; lastKnownFileType = text.xcconfig; name = "Pods-Wallapobre.debug.xcconfig"; path = "Target Support Files/Pods-Wallapobre/Pods-Wallapobre.debug.xcconfig"; sourceTree = "<group>"; };
		A5865EC59FCBAD982E90D4B8 /* Pods_Wallapobre.framework */ = {isa = PBXFileReference; explicitFileType = wrapper.framework; includeInIndex = 0; path = Pods_Wallapobre.framework; sourceTree = BUILT_PRODUCTS_DIR; };
		ACDC72D6010A1BFB144B9A41 /* Pods-Wallapobre.release.xcconfig */ = {isa = PBXFileReference; includeInIndex = 1; lastKnownFileType = text.xcconfig; name = "Pods-Wallapobre.release.xcconfig"; path = "Target Support Files/Pods-Wallapobre/Pods-Wallapobre.release.xcconfig"; sourceTree = "<group>"; };
/* End PBXFileReference section */

/* Begin PBXFrameworksBuildPhase section */
		18B215F4254C75C6008027D1 /* Frameworks */ = {
			isa = PBXFrameworksBuildPhase;
			buildActionMask = 2147483647;
			files = (
				E33C6DF8F83D266FED073840 /* Pods_Wallapobre.framework in Frameworks */,
			);
			runOnlyForDeploymentPostprocessing = 0;
		};
		18B2160A254C75C7008027D1 /* Frameworks */ = {
			isa = PBXFrameworksBuildPhase;
			buildActionMask = 2147483647;
			files = (
			);
			runOnlyForDeploymentPostprocessing = 0;
		};
/* End PBXFrameworksBuildPhase section */

/* Begin PBXGroup section */
		1825BADE25502BB200C3CDFA /* Login */ = {
			isa = PBXGroup;
			children = (
				1825BADF25502BC700C3CDFA /* LoginViewController.swift */,
				18A513EB2561AF9300387355 /* LoginViewController+Constraints.swift */,
				1825BAED2551BFFC00C3CDFA /* LoginViewController+Animation.swift */,
				1898179D2552CD1E0088BFB2 /* LoginViewModel.swift */,
			);
			path = Login;
			sourceTree = "<group>";
		};
		1825BAE32551B06600C3CDFA /* Network */ = {
			isa = PBXGroup;
			children = (
				1825BAE52551B12100C3CDFA /* Models */,
				1825BAE42551B11600C3CDFA /* Managers */,
			);
			path = Network;
			sourceTree = "<group>";
		};
		1825BAE42551B11600C3CDFA /* Managers */ = {
			isa = PBXGroup;
			children = (
				189817A225531BE80088BFB2 /* Managers.swift */,
				1898179F2552F9600088BFB2 /* UserLocation */,
				1825BAE62551B19F00C3CDFA /* UserFirestore */,
				185B333A2555ADFF00778CE4 /* ProductFirestore */,
				185B333B2555B6BB00778CE4 /* StorageFirebase */,
				18B63DFD255C230000831053 /* DiscussionFirestore */,
				18B63E02255C2AB500831053 /* MessageFirestore */,
				18E26C36255FF43000A64CD9 /* SearchFirestore */,
			);
			path = Managers;
			sourceTree = "<group>";
		};
		1825BAE52551B12100C3CDFA /* Models */ = {
			isa = PBXGroup;
			children = (
				18C2F7DB254D9B0E00D74E74 /* Product.swift */,
				1825BAEB2551B56200C3CDFA /* User.swift */,
				18B63DF6255C08F300831053 /* Discussion.swift */,
				18B63DF8255C09ED00831053 /* Message.swift */,
				18E26C3D255FF82400A64CD9 /* Search.swift */,
			);
			path = Models;
			sourceTree = "<group>";
		};
		1825BAE62551B19F00C3CDFA /* UserFirestore */ = {
			isa = PBXGroup;
			children = (
				1825BAE92551B1DB00C3CDFA /* UserAuthorizationManager.swift */,
				1825BAE72551B1C700C3CDFA /* UserAuthoritation.swift */,
				1898179B2552C64B0088BFB2 /* UserFirestoreManager.swift */,
				189817992552C5970088BFB2 /* UserFirestore.swift */,
			);
			path = UserFirestore;
			sourceTree = "<group>";
		};
		1825BAEF2551D16600C3CDFA /* Profile */ = {
			isa = PBXGroup;
			children = (
				1825BAF02551D1EA00C3CDFA /* ProfileViewController.swift */,
				18A513F52561B3BE00387355 /* ProfileViewController+Constraints.swift */,
				18BFA3ED25640F8E00CA1B24 /* ProfileViewController+Source.swift */,
				1825BAF22551D23500C3CDFA /* ProfileViewModel.swift */,
			);
			path = Profile;
			sourceTree = "<group>";
		};
		182C9A1125596E0C0074C9E9 /* DetailProduct */ = {
			isa = PBXGroup;
			children = (
				182C9A1225596E360074C9E9 /* DetailProductViewController.swift */,
				18A513F32561B32B00387355 /* DetailProductViewController+Constraints.swift */,
				18FE78C9255AC12E00BA0A64 /* DetailProductViewController+Source.swift */,
				182C9A1425598DD50074C9E9 /* DetailProductViewModel.swift */,
				182C9A162559BBD90074C9E9 /* ProductDataCell */,
				18B63DFA255C0D4A00831053 /* ChatViewController */,
			);
			path = DetailProduct;
			sourceTree = "<group>";
		};
		182C9A162559BBD90074C9E9 /* ProductDataCell */ = {
			isa = PBXGroup;
			children = (
				18FE78CB255ADB8F00BA0A64 /* ProductImagesCell.swift */,
				182C9A172559BC250074C9E9 /* ProductDataCell.swift */,
				182C9A192559BC4B0074C9E9 /* ProductMapCell.swift */,
				182C9A1B2559BC6B0074C9E9 /* ProductSellerCell.swift */,
				182C9A1D2559BCB20074C9E9 /* ProductSocialNetworksCell.swift */,
			);
			path = ProductDataCell;
			sourceTree = "<group>";
		};
		1851CE5D2558944300435F78 /* ProductCell */ = {
			isa = PBXGroup;
			children = (
				1851CE5E2558945C00435F78 /* ProductCell.swift */,
				1851CE602558947100435F78 /* ProductCellViewModel.swift */,
			);
			path = ProductCell;
			sourceTree = "<group>";
		};
		185B333A2555ADFF00778CE4 /* ProductFirestore */ = {
			isa = PBXGroup;
			children = (
				185B33362555ADDF00778CE4 /* ProductFirestoreManager.swift */,
				185B33382555ADF200778CE4 /* ProductFirestore.swift */,
			);
			path = ProductFirestore;
			sourceTree = "<group>";
		};
		185B333B2555B6BB00778CE4 /* StorageFirebase */ = {
			isa = PBXGroup;
			children = (
				185B333C2555B71400778CE4 /* StorageFirebaseManager.swift */,
				185B333E2555B72000778CE4 /* StorageFirebase.swift */,
			);
			path = StorageFirebase;
			sourceTree = "<group>";
		};
		1898179F2552F9600088BFB2 /* UserLocation */ = {
			isa = PBXGroup;
			children = (
				189817A02552F97E0088BFB2 /* UserLocation.swift */,
			);
			path = UserLocation;
			sourceTree = "<group>";
		};
		18B215EE254C75C6008027D1 = {
			isa = PBXGroup;
			children = (
				18B215F9254C75C6008027D1 /* Wallapobre */,
				18B21610254C75C7008027D1 /* WallapobreTests */,
				18B215F8254C75C6008027D1 /* Products */,
				862CC333D846D969BB4CDA1C /* Pods */,
				3070265EEAD97980AD23F4AF /* Frameworks */,
			);
			sourceTree = "<group>";
		};
		18B215F8254C75C6008027D1 /* Products */ = {
			isa = PBXGroup;
			children = (
				18B215F7254C75C6008027D1 /* Wallapobre.app */,
				18B2160D254C75C7008027D1 /* WallapobreTests.xctest */,
			);
			name = Products;
			sourceTree = "<group>";
		};
		18B215F9254C75C6008027D1 /* Wallapobre */ = {
			isa = PBXGroup;
			children = (
				18B215FA254C75C6008027D1 /* AppDelegate.swift */,
				18B215FC254C75C6008027D1 /* SceneDelegate.swift */,
				18B2161C254C75E2008027D1 /* Resources */,
				18B21620254C761B008027D1 /* UI */,
				1825BAE32551B06600C3CDFA /* Network */,
			);
			path = Wallapobre;
			sourceTree = "<group>";
		};
		18B21610254C75C7008027D1 /* WallapobreTests */ = {
			isa = PBXGroup;
			children = (
				18B21611254C75C7008027D1 /* WallapobreTests.swift */,
				18B21613254C75C7008027D1 /* Info.plist */,
			);
			path = WallapobreTests;
			sourceTree = "<group>";
		};
		18B2161C254C75E2008027D1 /* Resources */ = {
			isa = PBXGroup;
			children = (
				18B21603254C75C7008027D1 /* Assets.xcassets */,
				185B33442556ED5E00778CE4 /* TestLocations.gpx */,
				18B21605254C75C7008027D1 /* LaunchScreen.storyboard */,
				18B21608254C75C7008027D1 /* Info.plist */,
				1825BAF42551D83B00C3CDFA /* GoogleService-Info.plist */,
				18B2161D254C7601008027D1 /* Common */,
			);
			path = Resources;
			sourceTree = "<group>";
		};
		18B2161D254C7601008027D1 /* Common */ = {
			isa = PBXGroup;
			children = (
				18B2161E254C7615008027D1 /* PinterestLayout.swift */,
				18C2F7D1254CA6E000D74E74 /* UIFontAdditions.swift */,
				18E26C3F25604B1B00A64CD9 /* UIStringAdditions.swift */,
				18E26C4125604B6B00A64CD9 /* UIColorAdditions.swift */,
				18C2F7E1254EFE0400D74E74 /* Extensions.swift */,
			);
			path = Common;
			sourceTree = "<group>";
		};
		18B21620254C761B008027D1 /* UI */ = {
			isa = PBXGroup;
			children = (
				18B5055B2562D9140034D28B /* NavigationManager.swift */,
				1825BADE25502BB200C3CDFA /* Login */,
				18B21621254C7624008027D1 /* Main */,
				182C9A1125596E0C0074C9E9 /* DetailProduct */,
				1825BAEF2551D16600C3CDFA /* Profile */,
			);
			path = UI;
			sourceTree = "<group>";
		};
		18B21621254C7624008027D1 /* Main */ = {
			isa = PBXGroup;
			children = (
				18B215FE254C75C6008027D1 /* MainViewController.swift */,
				18A513ED2561AFDB00387355 /* MainViewController+Constraints.swift */,
				1851CE5B255805C300435F78 /* MainViewController+SearchBar.swift */,
				18B21623254C7658008027D1 /* MainViewModel.swift */,
				1851CE5D2558944300435F78 /* ProductCell */,
				18C2F7CE254CA15A00D74E74 /* Filters */,
				18C2F7D5254D92F500D74E74 /* NewProduct */,
			);
			path = Main;
			sourceTree = "<group>";
		};
		18B63DFA255C0D4A00831053 /* ChatViewController */ = {
			isa = PBXGroup;
			children = (
				18B63DFB255C0DA900831053 /* ChatViewController.swift */,
				18B63E07255C3F2A00831053 /* ChatViewModel.swift */,
			);
			path = ChatViewController;
			sourceTree = "<group>";
		};
		18B63DFD255C230000831053 /* DiscussionFirestore */ = {
			isa = PBXGroup;
			children = (
				18B63E00255C234A00831053 /* DiscussionFirestoreManager.swift */,
				18B63DFE255C233D00831053 /* DiscussionFirestore.swift */,
			);
			path = DiscussionFirestore;
			sourceTree = "<group>";
		};
		18B63E02255C2AB500831053 /* MessageFirestore */ = {
			isa = PBXGroup;
			children = (
				18B63E05255C2AE300831053 /* MessageFirestoreManager.swift */,
				18B63E03255C2AD900831053 /* MessageFirestore.swift */,
			);
			path = MessageFirestore;
			sourceTree = "<group>";
		};
		18C2F7CE254CA15A00D74E74 /* Filters */ = {
			isa = PBXGroup;
			children = (
				18C2F7CF254CA19100D74E74 /* FiltersViewController.swift */,
				18A513EF2561B21D00387355 /* FiltersViewController+Constraints.swift */,
				18C2F7D3254D732C00D74E74 /* FiltersViewModel.swift */,
			);
			path = Filters;
			sourceTree = "<group>";
		};
		18C2F7D5254D92F500D74E74 /* NewProduct */ = {
			isa = PBXGroup;
			children = (
				18C2F7D6254D936F00D74E74 /* NewProductViewController.swift */,
				18A513F12561B27F00387355 /* NewProductViewController+Constraints.swift */,
				18C2F7E3254F5E0900D74E74 /* NewProductViewController+Input.swift */,
				18C2F7D8254D938200D74E74 /* NewProductViewModel.swift */,
			);
			path = NewProduct;
			sourceTree = "<group>";
		};
		18E26C36255FF43000A64CD9 /* SearchFirestore */ = {
			isa = PBXGroup;
			children = (
				18E26C3B255FF52F00A64CD9 /* SearchFirestoreManager.swift */,
				18E26C39255FF52400A64CD9 /* SearchFirestore.swift */,
			);
			path = SearchFirestore;
			sourceTree = "<group>";
		};
		3070265EEAD97980AD23F4AF /* Frameworks */ = {
			isa = PBXGroup;
			children = (
				A5865EC59FCBAD982E90D4B8 /* Pods_Wallapobre.framework */,
			);
			name = Frameworks;
			sourceTree = "<group>";
		};
		862CC333D846D969BB4CDA1C /* Pods */ = {
			isa = PBXGroup;
			children = (
				A1BBCCC49968A907DAEA6061 /* Pods-Wallapobre.debug.xcconfig */,
				ACDC72D6010A1BFB144B9A41 /* Pods-Wallapobre.release.xcconfig */,
			);
			path = Pods;
			sourceTree = "<group>";
		};
/* End PBXGroup section */

/* Begin PBXNativeTarget section */
		18B215F6254C75C6008027D1 /* Wallapobre */ = {
			isa = PBXNativeTarget;
			buildConfigurationList = 18B21616254C75C7008027D1 /* Build configuration list for PBXNativeTarget "Wallapobre" */;
			buildPhases = (
				BA0051B513D858BBC0280F3D /* [CP] Check Pods Manifest.lock */,
				18B215F3254C75C6008027D1 /* Sources */,
				18B215F4254C75C6008027D1 /* Frameworks */,
				18B215F5254C75C6008027D1 /* Resources */,
				E3662D8B8CA2EE68986F558E /* [CP] Embed Pods Frameworks */,
			);
			buildRules = (
			);
			dependencies = (
			);
			name = Wallapobre;
			productName = Wallapobre;
			productReference = 18B215F7254C75C6008027D1 /* Wallapobre.app */;
			productType = "com.apple.product-type.application";
		};
		18B2160C254C75C7008027D1 /* WallapobreTests */ = {
			isa = PBXNativeTarget;
			buildConfigurationList = 18B21619254C75C7008027D1 /* Build configuration list for PBXNativeTarget "WallapobreTests" */;
			buildPhases = (
				18B21609254C75C7008027D1 /* Sources */,
				18B2160A254C75C7008027D1 /* Frameworks */,
				18B2160B254C75C7008027D1 /* Resources */,
			);
			buildRules = (
			);
			dependencies = (
				18B2160F254C75C7008027D1 /* PBXTargetDependency */,
			);
			name = WallapobreTests;
			productName = WallapobreTests;
			productReference = 18B2160D254C75C7008027D1 /* WallapobreTests.xctest */;
			productType = "com.apple.product-type.bundle.unit-test";
		};
/* End PBXNativeTarget section */

/* Begin PBXProject section */
		18B215EF254C75C6008027D1 /* Project object */ = {
			isa = PBXProject;
			attributes = {
				LastSwiftUpdateCheck = 1130;
				LastUpgradeCheck = 1130;
				ORGANIZATIONNAME = "Javier Roche";
				TargetAttributes = {
					18B215F6254C75C6008027D1 = {
						CreatedOnToolsVersion = 11.3.1;
					};
					18B2160C254C75C7008027D1 = {
						CreatedOnToolsVersion = 11.3.1;
						TestTargetID = 18B215F6254C75C6008027D1;
					};
				};
			};
			buildConfigurationList = 18B215F2254C75C6008027D1 /* Build configuration list for PBXProject "Wallapobre" */;
			compatibilityVersion = "Xcode 9.3";
			developmentRegion = en;
			hasScannedForEncodings = 0;
			knownRegions = (
				en,
				Base,
			);
			mainGroup = 18B215EE254C75C6008027D1;
			productRefGroup = 18B215F8254C75C6008027D1 /* Products */;
			projectDirPath = "";
			projectRoot = "";
			targets = (
				18B215F6254C75C6008027D1 /* Wallapobre */,
				18B2160C254C75C7008027D1 /* WallapobreTests */,
			);
		};
/* End PBXProject section */

/* Begin PBXResourcesBuildPhase section */
		18B215F5254C75C6008027D1 /* Resources */ = {
			isa = PBXResourcesBuildPhase;
			buildActionMask = 2147483647;
			files = (
				18B21607254C75C7008027D1 /* LaunchScreen.storyboard in Resources */,
				1825BAF52551D83B00C3CDFA /* GoogleService-Info.plist in Resources */,
				18B21604254C75C7008027D1 /* Assets.xcassets in Resources */,
				185B33452556ED5E00778CE4 /* TestLocations.gpx in Resources */,
			);
			runOnlyForDeploymentPostprocessing = 0;
		};
		18B2160B254C75C7008027D1 /* Resources */ = {
			isa = PBXResourcesBuildPhase;
			buildActionMask = 2147483647;
			files = (
			);
			runOnlyForDeploymentPostprocessing = 0;
		};
/* End PBXResourcesBuildPhase section */

/* Begin PBXShellScriptBuildPhase section */
		BA0051B513D858BBC0280F3D /* [CP] Check Pods Manifest.lock */ = {
			isa = PBXShellScriptBuildPhase;
			buildActionMask = 2147483647;
			files = (
			);
			inputFileListPaths = (
			);
			inputPaths = (
				"${PODS_PODFILE_DIR_PATH}/Podfile.lock",
				"${PODS_ROOT}/Manifest.lock",
			);
			name = "[CP] Check Pods Manifest.lock";
			outputFileListPaths = (
			);
			outputPaths = (
				"$(DERIVED_FILE_DIR)/Pods-Wallapobre-checkManifestLockResult.txt",
			);
			runOnlyForDeploymentPostprocessing = 0;
			shellPath = /bin/sh;
			shellScript = "diff \"${PODS_PODFILE_DIR_PATH}/Podfile.lock\" \"${PODS_ROOT}/Manifest.lock\" > /dev/null\nif [ $? != 0 ] ; then\n    # print error to STDERR\n    echo \"error: The sandbox is not in sync with the Podfile.lock. Run 'pod install' or update your CocoaPods installation.\" >&2\n    exit 1\nfi\n# This output is used by Xcode 'outputs' to avoid re-running this script phase.\necho \"SUCCESS\" > \"${SCRIPT_OUTPUT_FILE_0}\"\n";
			showEnvVarsInLog = 0;
		};
		E3662D8B8CA2EE68986F558E /* [CP] Embed Pods Frameworks */ = {
			isa = PBXShellScriptBuildPhase;
			buildActionMask = 2147483647;
			files = (
			);
			inputFileListPaths = (
				"${PODS_ROOT}/Target Support Files/Pods-Wallapobre/Pods-Wallapobre-frameworks-${CONFIGURATION}-input-files.xcfilelist",
			);
			name = "[CP] Embed Pods Frameworks";
			outputFileListPaths = (
				"${PODS_ROOT}/Target Support Files/Pods-Wallapobre/Pods-Wallapobre-frameworks-${CONFIGURATION}-output-files.xcfilelist",
			);
			runOnlyForDeploymentPostprocessing = 0;
			shellPath = /bin/sh;
			shellScript = "\"${PODS_ROOT}/Target Support Files/Pods-Wallapobre/Pods-Wallapobre-frameworks.sh\"\n";
			showEnvVarsInLog = 0;
		};
/* End PBXShellScriptBuildPhase section */

/* Begin PBXSourcesBuildPhase section */
		18B215F3254C75C6008027D1 /* Sources */ = {
			isa = PBXSourcesBuildPhase;
			buildActionMask = 2147483647;
			files = (
				1898179A2552C5970088BFB2 /* UserFirestore.swift in Sources */,
				18C2F7D2254CA6E000D74E74 /* UIFontAdditions.swift in Sources */,
				18B63DFC255C0DA900831053 /* ChatViewController.swift in Sources */,
				18B21624254C7658008027D1 /* MainViewModel.swift in Sources */,
				18B63DF7255C08F300831053 /* Discussion.swift in Sources */,
				182C9A1325596E360074C9E9 /* DetailProductViewController.swift in Sources */,
				18B2161F254C7615008027D1 /* PinterestLayout.swift in Sources */,
				18A513EC2561AF9300387355 /* LoginViewController+Constraints.swift in Sources */,
				18C2F7D4254D732C00D74E74 /* FiltersViewModel.swift in Sources */,
				185B333F2555B72000778CE4 /* StorageFirebase.swift in Sources */,
				182C9A1E2559BCB20074C9E9 /* ProductSocialNetworksCell.swift in Sources */,
				18C2F7D9254D938200D74E74 /* NewProductViewModel.swift in Sources */,
				18E26C4225604B6B00A64CD9 /* UIColorAdditions.swift in Sources */,
				18B63DF9255C09ED00831053 /* Message.swift in Sources */,
				18A513F42561B32B00387355 /* DetailProductViewController+Constraints.swift in Sources */,
				185B33392555ADF200778CE4 /* ProductFirestore.swift in Sources */,
				18E26C3E255FF82400A64CD9 /* Search.swift in Sources */,
				1825BAF12551D1EA00C3CDFA /* ProfileViewController.swift in Sources */,
				1898179E2552CD1E0088BFB2 /* LoginViewModel.swift in Sources */,
				185B33372555ADDF00778CE4 /* ProductFirestoreManager.swift in Sources */,
				18B5055C2562D9140034D28B /* NavigationManager.swift in Sources */,
				18C2F7D7254D936F00D74E74 /* NewProductViewController.swift in Sources */,
				189817A325531BE80088BFB2 /* Managers.swift in Sources */,
				1851CE5F2558945C00435F78 /* ProductCell.swift in Sources */,
				18B63DFF255C233D00831053 /* DiscussionFirestore.swift in Sources */,
				1825BAEE2551BFFC00C3CDFA /* LoginViewController+Animation.swift in Sources */,
				18B215FF254C75C6008027D1 /* MainViewController.swift in Sources */,
				18A513F02561B21D00387355 /* FiltersViewController+Constraints.swift in Sources */,
				18B215FB254C75C6008027D1 /* AppDelegate.swift in Sources */,
				18C2F7E2254EFE0400D74E74 /* Extensions.swift in Sources */,
				18C2F7D0254CA19100D74E74 /* FiltersViewController.swift in Sources */,
				18E26C3C255FF52F00A64CD9 /* SearchFirestoreManager.swift in Sources */,
				18E26C4025604B1B00A64CD9 /* UIStringAdditions.swift in Sources */,
				182C9A1525598DD50074C9E9 /* DetailProductViewModel.swift in Sources */,
				18B63E06255C2AE300831053 /* MessageFirestoreManager.swift in Sources */,
				1825BAF32551D23500C3CDFA /* ProfileViewModel.swift in Sources */,
				1825BAE025502BC700C3CDFA /* LoginViewController.swift in Sources */,
				1851CE612558947100435F78 /* ProductCellViewModel.swift in Sources */,
				1898179C2552C64B0088BFB2 /* UserFirestoreManager.swift in Sources */,
				18B215FD254C75C6008027D1 /* SceneDelegate.swift in Sources */,
				182C9A182559BC250074C9E9 /* ProductDataCell.swift in Sources */,
				182C9A1C2559BC6B0074C9E9 /* ProductSellerCell.swift in Sources */,
				1825BAE82551B1C700C3CDFA /* UserAuthoritation.swift in Sources */,
				18A513F22561B27F00387355 /* NewProductViewController+Constraints.swift in Sources */,
				18FE78CC255ADB8F00BA0A64 /* ProductImagesCell.swift in Sources */,
				18C2F7E4254F5E0900D74E74 /* NewProductViewController+Input.swift in Sources */,
				1825BAEA2551B1DB00C3CDFA /* UserAuthorizationManager.swift in Sources */,
				18B63E01255C234A00831053 /* DiscussionFirestoreManager.swift in Sources */,
				1851CE5C255805C300435F78 /* MainViewController+SearchBar.swift in Sources */,
				18FE78CA255AC12E00BA0A64 /* DetailProductViewController+Source.swift in Sources */,
				18C2F7DC254D9B0E00D74E74 /* Product.swift in Sources */,
				18E26C3A255FF52400A64CD9 /* SearchFirestore.swift in Sources */,
				18B63E08255C3F2A00831053 /* ChatViewModel.swift in Sources */,
				18BFA3EE25640F8E00CA1B24 /* ProfileViewController+Source.swift in Sources */,
				1825BAEC2551B56200C3CDFA /* User.swift in Sources */,
				189817A12552F97E0088BFB2 /* UserLocation.swift in Sources */,
				185B333D2555B71400778CE4 /* StorageFirebaseManager.swift in Sources */,
				182C9A1A2559BC4B0074C9E9 /* ProductMapCell.swift in Sources */,
				18A513F62561B3BE00387355 /* ProfileViewController+Constraints.swift in Sources */,
				18A513EE2561AFDB00387355 /* MainViewController+Constraints.swift in Sources */,
				18B63E04255C2AD900831053 /* MessageFirestore.swift in Sources */,
			);
			runOnlyForDeploymentPostprocessing = 0;
		};
		18B21609254C75C7008027D1 /* Sources */ = {
			isa = PBXSourcesBuildPhase;
			buildActionMask = 2147483647;
			files = (
				18B21612254C75C7008027D1 /* WallapobreTests.swift in Sources */,
			);
			runOnlyForDeploymentPostprocessing = 0;
		};
/* End PBXSourcesBuildPhase section */

/* Begin PBXTargetDependency section */
		18B2160F254C75C7008027D1 /* PBXTargetDependency */ = {
			isa = PBXTargetDependency;
			target = 18B215F6254C75C6008027D1 /* Wallapobre */;
			targetProxy = 18B2160E254C75C7008027D1 /* PBXContainerItemProxy */;
		};
/* End PBXTargetDependency section */

/* Begin PBXVariantGroup section */
		18B21605254C75C7008027D1 /* LaunchScreen.storyboard */ = {
			isa = PBXVariantGroup;
			children = (
				18B21606254C75C7008027D1 /* Base */,
			);
			name = LaunchScreen.storyboard;
			sourceTree = "<group>";
		};
/* End PBXVariantGroup section */

/* Begin XCBuildConfiguration section */
		18B21614254C75C7008027D1 /* Debug */ = {
			isa = XCBuildConfiguration;
			buildSettings = {
				ALWAYS_SEARCH_USER_PATHS = NO;
				CLANG_ANALYZER_NONNULL = YES;
				CLANG_ANALYZER_NUMBER_OBJECT_CONVERSION = YES_AGGRESSIVE;
				CLANG_CXX_LANGUAGE_STANDARD = "gnu++14";
				CLANG_CXX_LIBRARY = "libc++";
				CLANG_ENABLE_MODULES = YES;
				CLANG_ENABLE_OBJC_ARC = YES;
				CLANG_ENABLE_OBJC_WEAK = YES;
				CLANG_WARN_BLOCK_CAPTURE_AUTORELEASING = YES;
				CLANG_WARN_BOOL_CONVERSION = YES;
				CLANG_WARN_COMMA = YES;
				CLANG_WARN_CONSTANT_CONVERSION = YES;
				CLANG_WARN_DEPRECATED_OBJC_IMPLEMENTATIONS = YES;
				CLANG_WARN_DIRECT_OBJC_ISA_USAGE = YES_ERROR;
				CLANG_WARN_DOCUMENTATION_COMMENTS = YES;
				CLANG_WARN_EMPTY_BODY = YES;
				CLANG_WARN_ENUM_CONVERSION = YES;
				CLANG_WARN_INFINITE_RECURSION = YES;
				CLANG_WARN_INT_CONVERSION = YES;
				CLANG_WARN_NON_LITERAL_NULL_CONVERSION = YES;
				CLANG_WARN_OBJC_IMPLICIT_RETAIN_SELF = YES;
				CLANG_WARN_OBJC_LITERAL_CONVERSION = YES;
				CLANG_WARN_OBJC_ROOT_CLASS = YES_ERROR;
				CLANG_WARN_RANGE_LOOP_ANALYSIS = YES;
				CLANG_WARN_STRICT_PROTOTYPES = YES;
				CLANG_WARN_SUSPICIOUS_MOVE = YES;
				CLANG_WARN_UNGUARDED_AVAILABILITY = YES_AGGRESSIVE;
				CLANG_WARN_UNREACHABLE_CODE = YES;
				CLANG_WARN__DUPLICATE_METHOD_MATCH = YES;
				COPY_PHASE_STRIP = NO;
				DEBUG_INFORMATION_FORMAT = dwarf;
				ENABLE_STRICT_OBJC_MSGSEND = YES;
				ENABLE_TESTABILITY = YES;
				GCC_C_LANGUAGE_STANDARD = gnu11;
				GCC_DYNAMIC_NO_PIC = NO;
				GCC_NO_COMMON_BLOCKS = YES;
				GCC_OPTIMIZATION_LEVEL = 0;
				GCC_PREPROCESSOR_DEFINITIONS = (
					"DEBUG=1",
					"$(inherited)",
				);
				GCC_WARN_64_TO_32_BIT_CONVERSION = YES;
				GCC_WARN_ABOUT_RETURN_TYPE = YES_ERROR;
				GCC_WARN_UNDECLARED_SELECTOR = YES;
				GCC_WARN_UNINITIALIZED_AUTOS = YES_AGGRESSIVE;
				GCC_WARN_UNUSED_FUNCTION = YES;
				GCC_WARN_UNUSED_VARIABLE = YES;
				IPHONEOS_DEPLOYMENT_TARGET = 13.2;
				MTL_ENABLE_DEBUG_INFO = INCLUDE_SOURCE;
				MTL_FAST_MATH = YES;
				ONLY_ACTIVE_ARCH = YES;
				SDKROOT = iphoneos;
				SWIFT_ACTIVE_COMPILATION_CONDITIONS = DEBUG;
				SWIFT_OPTIMIZATION_LEVEL = "-Onone";
			};
			name = Debug;
		};
		18B21615254C75C7008027D1 /* Release */ = {
			isa = XCBuildConfiguration;
			buildSettings = {
				ALWAYS_SEARCH_USER_PATHS = NO;
				CLANG_ANALYZER_NONNULL = YES;
				CLANG_ANALYZER_NUMBER_OBJECT_CONVERSION = YES_AGGRESSIVE;
				CLANG_CXX_LANGUAGE_STANDARD = "gnu++14";
				CLANG_CXX_LIBRARY = "libc++";
				CLANG_ENABLE_MODULES = YES;
				CLANG_ENABLE_OBJC_ARC = YES;
				CLANG_ENABLE_OBJC_WEAK = YES;
				CLANG_WARN_BLOCK_CAPTURE_AUTORELEASING = YES;
				CLANG_WARN_BOOL_CONVERSION = YES;
				CLANG_WARN_COMMA = YES;
				CLANG_WARN_CONSTANT_CONVERSION = YES;
				CLANG_WARN_DEPRECATED_OBJC_IMPLEMENTATIONS = YES;
				CLANG_WARN_DIRECT_OBJC_ISA_USAGE = YES_ERROR;
				CLANG_WARN_DOCUMENTATION_COMMENTS = YES;
				CLANG_WARN_EMPTY_BODY = YES;
				CLANG_WARN_ENUM_CONVERSION = YES;
				CLANG_WARN_INFINITE_RECURSION = YES;
				CLANG_WARN_INT_CONVERSION = YES;
				CLANG_WARN_NON_LITERAL_NULL_CONVERSION = YES;
				CLANG_WARN_OBJC_IMPLICIT_RETAIN_SELF = YES;
				CLANG_WARN_OBJC_LITERAL_CONVERSION = YES;
				CLANG_WARN_OBJC_ROOT_CLASS = YES_ERROR;
				CLANG_WARN_RANGE_LOOP_ANALYSIS = YES;
				CLANG_WARN_STRICT_PROTOTYPES = YES;
				CLANG_WARN_SUSPICIOUS_MOVE = YES;
				CLANG_WARN_UNGUARDED_AVAILABILITY = YES_AGGRESSIVE;
				CLANG_WARN_UNREACHABLE_CODE = YES;
				CLANG_WARN__DUPLICATE_METHOD_MATCH = YES;
				COPY_PHASE_STRIP = NO;
				DEBUG_INFORMATION_FORMAT = "dwarf-with-dsym";
				ENABLE_NS_ASSERTIONS = NO;
				ENABLE_STRICT_OBJC_MSGSEND = YES;
				GCC_C_LANGUAGE_STANDARD = gnu11;
				GCC_NO_COMMON_BLOCKS = YES;
				GCC_WARN_64_TO_32_BIT_CONVERSION = YES;
				GCC_WARN_ABOUT_RETURN_TYPE = YES_ERROR;
				GCC_WARN_UNDECLARED_SELECTOR = YES;
				GCC_WARN_UNINITIALIZED_AUTOS = YES_AGGRESSIVE;
				GCC_WARN_UNUSED_FUNCTION = YES;
				GCC_WARN_UNUSED_VARIABLE = YES;
				IPHONEOS_DEPLOYMENT_TARGET = 13.2;
				MTL_ENABLE_DEBUG_INFO = NO;
				MTL_FAST_MATH = YES;
				SDKROOT = iphoneos;
				SWIFT_COMPILATION_MODE = wholemodule;
				SWIFT_OPTIMIZATION_LEVEL = "-O";
				VALIDATE_PRODUCT = YES;
			};
			name = Release;
		};
		18B21617254C75C7008027D1 /* Debug */ = {
			isa = XCBuildConfiguration;
			baseConfigurationReference = A1BBCCC49968A907DAEA6061 /* Pods-Wallapobre.debug.xcconfig */;
			buildSettings = {
				ASSETCATALOG_COMPILER_APPICON_NAME = AppIcon;
				CODE_SIGN_STYLE = Automatic;
				DEVELOPMENT_TEAM = 5NGAV2U6RN;
				INFOPLIST_FILE = Wallapobre/Resources/Info.plist;
				LD_RUNPATH_SEARCH_PATHS = (
					"$(inherited)",
					"@executable_path/Frameworks",
				);
				PRODUCT_BUNDLE_IDENTIFIER = Roche.Wallapobre;
				PRODUCT_NAME = "$(TARGET_NAME)";
				SWIFT_VERSION = 5.0;
				TARGETED_DEVICE_FAMILY = "1,2";
			};
			name = Debug;
		};
		18B21618254C75C7008027D1 /* Release */ = {
			isa = XCBuildConfiguration;
			baseConfigurationReference = ACDC72D6010A1BFB144B9A41 /* Pods-Wallapobre.release.xcconfig */;
			buildSettings = {
				ASSETCATALOG_COMPILER_APPICON_NAME = AppIcon;
				CODE_SIGN_STYLE = Automatic;
				DEVELOPMENT_TEAM = 5NGAV2U6RN;
				INFOPLIST_FILE = Wallapobre/Resources/Info.plist;
				LD_RUNPATH_SEARCH_PATHS = (
					"$(inherited)",
					"@executable_path/Frameworks",
				);
				PRODUCT_BUNDLE_IDENTIFIER = Roche.Wallapobre;
				PRODUCT_NAME = "$(TARGET_NAME)";
				SWIFT_VERSION = 5.0;
				TARGETED_DEVICE_FAMILY = "1,2";
			};
			name = Release;
		};
		18B2161A254C75C7008027D1 /* Debug */ = {
			isa = XCBuildConfiguration;
			buildSettings = {
				ALWAYS_EMBED_SWIFT_STANDARD_LIBRARIES = YES;
				BUNDLE_LOADER = "$(TEST_HOST)";
				CODE_SIGN_STYLE = Automatic;
				DEVELOPMENT_TEAM = 5NGAV2U6RN;
				INFOPLIST_FILE = WallapobreTests/Info.plist;
				IPHONEOS_DEPLOYMENT_TARGET = 13.2;
				LD_RUNPATH_SEARCH_PATHS = (
					"$(inherited)",
					"@executable_path/Frameworks",
					"@loader_path/Frameworks",
				);
				PRODUCT_BUNDLE_IDENTIFIER = Roche.WallapobreTests;
				PRODUCT_NAME = "$(TARGET_NAME)";
				SWIFT_VERSION = 5.0;
				TARGETED_DEVICE_FAMILY = "1,2";
				TEST_HOST = "$(BUILT_PRODUCTS_DIR)/Wallapobre.app/Wallapobre";
			};
			name = Debug;
		};
		18B2161B254C75C7008027D1 /* Release */ = {
			isa = XCBuildConfiguration;
			buildSettings = {
				ALWAYS_EMBED_SWIFT_STANDARD_LIBRARIES = YES;
				BUNDLE_LOADER = "$(TEST_HOST)";
				CODE_SIGN_STYLE = Automatic;
				DEVELOPMENT_TEAM = 5NGAV2U6RN;
				INFOPLIST_FILE = WallapobreTests/Info.plist;
				IPHONEOS_DEPLOYMENT_TARGET = 13.2;
				LD_RUNPATH_SEARCH_PATHS = (
					"$(inherited)",
					"@executable_path/Frameworks",
					"@loader_path/Frameworks",
				);
				PRODUCT_BUNDLE_IDENTIFIER = Roche.WallapobreTests;
				PRODUCT_NAME = "$(TARGET_NAME)";
				SWIFT_VERSION = 5.0;
				TARGETED_DEVICE_FAMILY = "1,2";
				TEST_HOST = "$(BUILT_PRODUCTS_DIR)/Wallapobre.app/Wallapobre";
			};
			name = Release;
		};
/* End XCBuildConfiguration section */

/* Begin XCConfigurationList section */
		18B215F2254C75C6008027D1 /* Build configuration list for PBXProject "Wallapobre" */ = {
			isa = XCConfigurationList;
			buildConfigurations = (
				18B21614254C75C7008027D1 /* Debug */,
				18B21615254C75C7008027D1 /* Release */,
			);
			defaultConfigurationIsVisible = 0;
			defaultConfigurationName = Release;
		};
		18B21616254C75C7008027D1 /* Build configuration list for PBXNativeTarget "Wallapobre" */ = {
			isa = XCConfigurationList;
			buildConfigurations = (
				18B21617254C75C7008027D1 /* Debug */,
				18B21618254C75C7008027D1 /* Release */,
			);
			defaultConfigurationIsVisible = 0;
			defaultConfigurationName = Release;
		};
		18B21619254C75C7008027D1 /* Build configuration list for PBXNativeTarget "WallapobreTests" */ = {
			isa = XCConfigurationList;
			buildConfigurations = (
				18B2161A254C75C7008027D1 /* Debug */,
				18B2161B254C75C7008027D1 /* Release */,
			);
			defaultConfigurationIsVisible = 0;
			defaultConfigurationName = Release;
		};
/* End XCConfigurationList section */
	};
	rootObject = 18B215EF254C75C6008027D1 /* Project object */;
}
